// !$*UTF8*$!
{
	archiveVersion = 1;
	classes = {
	};
	objectVersion = 55;
	objects = {

/* Begin PBXBuildFile section */
		4B0BA6132802139C0049AF13 /* AppDelegate.swift in Sources */ = {isa = PBXBuildFile; fileRef = 4B0BA6122802139C0049AF13 /* AppDelegate.swift */; };
		4B0BA6152802139C0049AF13 /* SceneDelegate.swift in Sources */ = {isa = PBXBuildFile; fileRef = 4B0BA6142802139C0049AF13 /* SceneDelegate.swift */; };
		4B0BA6172802139C0049AF13 /* MapsViewController.swift in Sources */ = {isa = PBXBuildFile; fileRef = 4B0BA6162802139C0049AF13 /* MapsViewController.swift */; };
		4B0BA61A2802139C0049AF13 /* Main.storyboard in Resources */ = {isa = PBXBuildFile; fileRef = 4B0BA6182802139C0049AF13 /* Main.storyboard */; };
		4B0BA61D2802139C0049AF13 /* HaritaUygulamasi.xcdatamodeld in Sources */ = {isa = PBXBuildFile; fileRef = 4B0BA61B2802139C0049AF13 /* HaritaUygulamasi.xcdatamodeld */; };
		4B0BA61F280213A00049AF13 /* Assets.xcassets in Resources */ = {isa = PBXBuildFile; fileRef = 4B0BA61E280213A00049AF13 /* Assets.xcassets */; };
		4B0BA622280213A00049AF13 /* LaunchScreen.storyboard in Resources */ = {isa = PBXBuildFile; fileRef = 4B0BA620280213A00049AF13 /* LaunchScreen.storyboard */; };
		4BE7485A28031EAA002A8292 /* ListViewController.swift in Sources */ = {isa = PBXBuildFile; fileRef = 4BE7485928031EAA002A8292 /* ListViewController.swift */; };
/* End PBXBuildFile section */

/* Begin PBXFileReference section */
		4B0BA60F2802139C0049AF13 /* HaritaUygulamasi.app */ = {isa = PBXFileReference; explicitFileType = wrapper.application; includeInIndex = 0; path = HaritaUygulamasi.app; sourceTree = BUILT_PRODUCTS_DIR; };
		4B0BA6122802139C0049AF13 /* AppDelegate.swift */ = {isa = PBXFileReference; lastKnownFileType = sourcecode.swift; path = AppDelegate.swift; sourceTree = "<group>"; };
		4B0BA6142802139C0049AF13 /* SceneDelegate.swift */ = {isa = PBXFileReference; lastKnownFileType = sourcecode.swift; path = SceneDelegate.swift; sourceTree = "<group>"; };
		4B0BA6162802139C0049AF13 /* MapsViewController.swift */ = {isa = PBXFileReference; lastKnownFileType = sourcecode.swift; path = MapsViewController.swift; sourceTree = "<group>"; };
		4B0BA6192802139C0049AF13 /* Base */ = {isa = PBXFileReference; lastKnownFileType = file.storyboard; name = Base; path = Base.lproj/Main.storyboard; sourceTree = "<group>"; };
		4B0BA61C2802139C0049AF13 /* HaritaUygulamasi.xcdatamodel */ = {isa = PBXFileReference; lastKnownFileType = wrapper.xcdatamodel; path = HaritaUygulamasi.xcdatamodel; sourceTree = "<group>"; };
		4B0BA61E280213A00049AF13 /* Assets.xcassets */ = {isa = PBXFileReference; lastKnownFileType = folder.assetcatalog; path = Assets.xcassets; sourceTree = "<group>"; };
		4B0BA621280213A00049AF13 /* Base */ = {isa = PBXFileReference; lastKnownFileType = file.storyboard; name = Base; path = Base.lproj/LaunchScreen.storyboard; sourceTree = "<group>"; };
		4B0BA623280213A00049AF13 /* Info.plist */ = {isa = PBXFileReference; lastKnownFileType = text.plist.xml; path = Info.plist; sourceTree = "<group>"; };
		4BE7485928031EAA002A8292 /* ListViewController.swift */ = {isa = PBXFileReference; lastKnownFileType = sourcecode.swift; path = ListViewController.swift; sourceTree = "<group>"; };
/* End PBXFileReference section */

/* Begin PBXFrameworksBuildPhase section */
		4B0BA60C2802139C0049AF13 /* Frameworks */ = {
			isa = PBXFrameworksBuildPhase;
			buildActionMask = 2147483647;
			files = (
			);
			runOnlyForDeploymentPostprocessing = 0;
		};
/* End PBXFrameworksBuildPhase section */

/* Begin PBXGroup section */
		4B0BA6062802139C0049AF13 = {
			isa = PBXGroup;
			children = (
				4B0BA6112802139C0049AF13 /* HaritaUygulamasi */,
				4B0BA6102802139C0049AF13 /* Products */,
			);
			sourceTree = "<group>";
		};
		4B0BA6102802139C0049AF13 /* Products */ = {
			isa = PBXGroup;
			children = (
				4B0BA60F2802139C0049AF13 /* HaritaUygulamasi.app */,
			);
			name = Products;
			sourceTree = "<group>";
		};
		4B0BA6112802139C0049AF13 /* HaritaUygulamasi */ = {
			isa = PBXGroup;
			children = (
				4B0BA6122802139C0049AF13 /* AppDelegate.swift */,
				4B0BA6142802139C0049AF13 /* SceneDelegate.swift */,
				4B0BA6162802139C0049AF13 /* MapsViewController.swift */,
				4BE7485928031EAA002A8292 /* ListViewController.swift */,
				4B0BA6182802139C0049AF13 /* Main.storyboard */,
				4B0BA61E280213A00049AF13 /* Assets.xcassets */,
				4B0BA620280213A00049AF13 /* LaunchScreen.storyboard */,
				4B0BA623280213A00049AF13 /* Info.plist */,
				4B0BA61B2802139C0049AF13 /* HaritaUygulamasi.xcdatamodeld */,
			);
			path = HaritaUygulamasi;
			sourceTree = "<group>";
		};
/* End PBXGroup section */

/* Begin PBXNativeTarget section */
		4B0BA60E2802139C0049AF13 /* HaritaUygulamasi */ = {
			isa = PBXNativeTarget;
			buildConfigurationList = 4B0BA626280213A00049AF13 /* Build configuration list for PBXNativeTarget "HaritaUygulamasi" */;
			buildPhases = (
				4B0BA60B2802139C0049AF13 /* Sources */,
				4B0BA60C2802139C0049AF13 /* Frameworks */,
				4B0BA60D2802139C0049AF13 /* Resources */,
			);
			buildRules = (
			);
			dependencies = (
			);
			name = HaritaUygulamasi;
			productName = HaritaUygulamasi;
			productReference = 4B0BA60F2802139C0049AF13 /* HaritaUygulamasi.app */;
			productType = "com.apple.product-type.application";
		};
/* End PBXNativeTarget section */

/* Begin PBXProject section */
		4B0BA6072802139C0049AF13 /* Project object */ = {
			isa = PBXProject;
			attributes = {
				BuildIndependentTargetsInParallel = 1;
				LastSwiftUpdateCheck = 1330;
				LastUpgradeCheck = 1330;
				TargetAttributes = {
					4B0BA60E2802139C0049AF13 = {
						CreatedOnToolsVersion = 13.3;
					};
				};
			};
			buildConfigurationList = 4B0BA60A2802139C0049AF13 /* Build configuration list for PBXProject "HaritaUygulamasi" */;
			compatibilityVersion = "Xcode 13.0";
			developmentRegion = en;
			hasScannedForEncodings = 0;
			knownRegions = (
				en,
				Base,
			);
			mainGroup = 4B0BA6062802139C0049AF13;
			productRefGroup = 4B0BA6102802139C0049AF13 /* Products */;
			projectDirPath = "";
			projectRoot = "";
			targets = (
				4B0BA60E2802139C0049AF13 /* HaritaUygulamasi */,
			);
		};
/* End PBXProject section */

/* Begin PBXResourcesBuildPhase section */
		4B0BA60D2802139C0049AF13 /* Resources */ = {
			isa = PBXResourcesBuildPhase;
			buildActionMask = 2147483647;
			files = (
				4B0BA622280213A00049AF13 /* LaunchScreen.storyboard in Resources */,
				4B0BA61F280213A00049AF13 /* Assets.xcassets in Resources */,
				4B0BA61A2802139C0049AF13 /* Main.storyboard in Resources */,
			);
			runOnlyForDeploymentPostprocessing = 0;
		};
/* End PBXResourcesBuildPhase section */

/* Begin PBXSourcesBuildPhase section */
		4B0BA60B2802139C0049AF13 /* Sources */ = {
			isa = PBXSourcesBuildPhase;
			buildActionMask = 2147483647;
			files = (
				4B0BA6172802139C0049AF13 /* MapsViewController.swift in Sources */,
				4B0BA6132802139C0049AF13 /* AppDelegate.swift in Sources */,
				4B0BA6152802139C0049AF13 /* SceneDelegate.swift in Sources */,
				4BE7485A28031EAA002A8292 /* ListViewController.swift in Sources */,
				4B0BA61D2802139C0049AF13 /* HaritaUygulamasi.xcdatamodeld in Sources */,
			);
			runOnlyForDeploymentPostprocessing = 0;
		};
/* End PBXSourcesBuildPhase section */

/* Begin PBXVariantGroup section */
		4B0BA6182802139C0049AF13 /* Main.storyboard */ = {
			isa = PBXVariantGroup;
			children = (
				4B0BA6192802139C0049AF13 /* Base */,
			);
			name = Main.storyboard;
			sourceTree = "<group>";
		};
		4B0BA620280213A00049AF13 /* LaunchScreen.storyboard */ = {
			isa = PBXVariantGroup;
			children = (
				4B0BA621280213A00049AF13 /* Base */,
			);
			name = LaunchScreen.storyboard;
			sourceTree = "<group>";
		};
/* End PBXVariantGroup section */

/* Begin XCBuildConfiguration section */
		4B0BA624280213A00049AF13 /* Debug */ = {
			isa = XCBuildConfiguration;
			buildSettings = {
				ALWAYS_SEARCH_USER_PATHS = NO;
				CLANG_ANALYZER_NONNULL = YES;
				CLANG_ANALYZER_NUMBER_OBJECT_CONVERSION = YES_AGGRESSIVE;
				CLANG_CXX_LANGUAGE_STANDARD = "gnu++17";
				CLANG_ENABLE_MODULES = YES;
				CLANG_ENABLE_OBJC_ARC = YES;
				CLANG_ENABLE_OBJC_WEAK = YES;
				CLANG_WARN_BLOCK_CAPTURE_AUTORELEASING = YES;
				CLANG_WARN_BOOL_CONVERSION = YES;
				CLANG_WARN_COMMA = YES;
				CLANG_WARN_CONSTANT_CONVERSION = YES;
				CLANG_WARN_DEPRECATED_OBJC_IMPLEMENTATIONS = YES;
				CLANG_WARN_DIRECT_OBJC_ISA_USAGE = YES_ERROR;
				CLANG_WARN_DOCUMENTATION_COMMENTS = YES;
				CLANG_WARN_EMPTY_BODY = YES;
				CLANG_WARN_ENUM_CONVERSION = YES;
				CLANG_WARN_INFINITE_RECURSION = YES;
				CLANG_WARN_INT_CONVERSION = YES;
				CLANG_WARN_NON_LITERAL_NULL_CONVERSION = YES;
				CLANG_WARN_OBJC_IMPLICIT_RETAIN_SELF = YES;
				CLANG_WARN_OBJC_LITERAL_CONVERSION = YES;
				CLANG_WARN_OBJC_ROOT_CLASS = YES_ERROR;
				CLANG_WARN_QUOTED_INCLUDE_IN_FRAMEWORK_HEADER = YES;
				CLANG_WARN_RANGE_LOOP_ANALYSIS = YES;
				CLANG_WARN_STRICT_PROTOTYPES = YES;
				CLANG_WARN_SUSPICIOUS_MOVE = YES;
				CLANG_WARN_UNGUARDED_AVAILABILITY = YES_AGGRESSIVE;
				CLANG_WARN_UNREACHABLE_CODE = YES;
				CLANG_WARN__DUPLICATE_METHOD_MATCH = YES;
				COPY_PHASE_STRIP = NO;
				DEBUG_INFORMATION_FORMAT = dwarf;
				ENABLE_STRICT_OBJC_MSGSEND = YES;
				ENABLE_TESTABILITY = YES;
				GCC_C_LANGUAGE_STANDARD = gnu11;
				GCC_DYNAMIC_NO_PIC = NO;
				GCC_NO_COMMON_BLOCKS = YES;
				GCC_OPTIMIZATION_LEVEL = 0;
				GCC_PREPROCESSOR_DEFINITIONS = (
					"DEBUG=1",
					"$(inherited)",
				);
				GCC_WARN_64_TO_32_BIT_CONVERSION = YES;
				GCC_WARN_ABOUT_RETURN_TYPE = YES_ERROR;
				GCC_WARN_UNDECLARED_SELECTOR = YES;
				GCC_WARN_UNINITIALIZED_AUTOS = YES_AGGRESSIVE;
				GCC_WARN_UNUSED_FUNCTION = YES;
				GCC_WARN_UNUSED_VARIABLE = YES;
				IPHONEOS_DEPLOYMENT_TARGET = 15.4;
				MTL_ENABLE_DEBUG_INFO = INCLUDE_SOURCE;
				MTL_FAST_MATH = YES;
				ONLY_ACTIVE_ARCH = YES;
				SDKROOT = iphoneos;
				SWIFT_ACTIVE_COMPILATION_CONDITIONS = DEBUG;
				SWIFT_OPTIMIZATION_LEVEL = "-Onone";
			};
			name = Debug;
		};
		4B0BA625280213A00049AF13 /* Release */ = {
			isa = XCBuildConfiguration;
			buildSettings = {
				ALWAYS_SEARCH_USER_PATHS = NO;
				CLANG_ANALYZER_NONNULL = YES;
				CLANG_ANALYZER_NUMBER_OBJECT_CONVERSION = YES_AGGRESSIVE;
				CLANG_CXX_LANGUAGE_STANDARD = "gnu++17";
				CLANG_ENABLE_MODULES = YES;
				CLANG_ENABLE_OBJC_ARC = YES;
				CLANG_ENABLE_OBJC_WEAK = YES;
				CLANG_WARN_BLOCK_CAPTURE_AUTORELEASING = YES;
				CLANG_WARN_BOOL_CONVERSION = YES;
				CLANG_WARN_COMMA = YES;
				CLANG_WARN_CONSTANT_CONVERSION = YES;
				CLANG_WARN_DEPRECATED_OBJC_IMPLEMENTATIONS = YES;
				CLANG_WARN_DIRECT_OBJC_ISA_USAGE = YES_ERROR;
				CLANG_WARN_DOCUMENTATION_COMMENTS = YES;
				CLANG_WARN_EMPTY_BODY = YES;
				CLANG_WARN_ENUM_CONVERSION = YES;
				CLANG_WARN_INFINITE_RECURSION = YES;
				CLANG_WARN_INT_CONVERSION = YES;
				CLANG_WARN_NON_LITERAL_NULL_CONVERSION = YES;
				CLANG_WARN_OBJC_IMPLICIT_RETAIN_SELF = YES;
				CLANG_WARN_OBJC_LITERAL_CONVERSION = YES;
				CLANG_WARN_OBJC_ROOT_CLASS = YES_ERROR;
				CLANG_WARN_QUOTED_INCLUDE_IN_FRAMEWORK_HEADER = YES;
				CLANG_WARN_RANGE_LOOP_ANALYSIS = YES;
				CLANG_WARN_STRICT_PROTOTYPES = YES;
				CLANG_WARN_SUSPICIOUS_MOVE = YES;
				CLANG_WARN_UNGUARDED_AVAILABILITY = YES_AGGRESSIVE;
				CLANG_WARN_UNREACHABLE_CODE = YES;
				CLANG_WARN__DUPLICATE_METHOD_MATCH = YES;
				COPY_PHASE_STRIP = NO;
				DEBUG_INFORMATION_FORMAT = "dwarf-with-dsym";
				ENABLE_NS_ASSERTIONS = NO;
				ENABLE_STRICT_OBJC_MSGSEND = YES;
				GCC_C_LANGUAGE_STANDARD = gnu11;
				GCC_NO_COMMON_BLOCKS = YES;
				GCC_WARN_64_TO_32_BIT_CONVERSION = YES;
				GCC_WARN_ABOUT_RETURN_TYPE = YES_ERROR;
				GCC_WARN_UNDECLARED_SELECTOR = YES;
				GCC_WARN_UNINITIALIZED_AUTOS = YES_AGGRESSIVE;
				GCC_WARN_UNUSED_FUNCTION = YES;
				GCC_WARN_UNUSED_VARIABLE = YES;
				IPHONEOS_DEPLOYMENT_TARGET = 15.4;
				MTL_ENABLE_DEBUG_INFO = NO;
				MTL_FAST_MATH = YES;
				SDKROOT = iphoneos;
				SWIFT_COMPILATION_MODE = wholemodule;
				SWIFT_OPTIMIZATION_LEVEL = "-O";
				VALIDATE_PRODUCT = YES;
			};
			name = Release;
		};
		4B0BA627280213A00049AF13 /* Debug */ = {
			isa = XCBuildConfiguration;
			buildSettings = {
				ASSETCATALOG_COMPILER_APPICON_NAME = AppIcon;
				ASSETCATALOG_COMPILER_GLOBAL_ACCENT_COLOR_NAME = AccentColor;
				CODE_SIGN_STYLE = Automatic;
				CURRENT_PROJECT_VERSION = 1;
				DEVELOPMENT_TEAM = 3H4FFRY969;
				GENERATE_INFOPLIST_FILE = YES;
				INFOPLIST_FILE = HaritaUygulamasi/Info.plist;
				INFOPLIST_KEY_UIApplicationSupportsIndirectInputEvents = YES;
				INFOPLIST_KEY_UILaunchStoryboardName = LaunchScreen;
				INFOPLIST_KEY_UIMainStoryboardFile = Main;
				INFOPLIST_KEY_UISupportedInterfaceOrientations_iPad = "UIInterfaceOrientationPortrait UIInterfaceOrientationPortraitUpsideDown UIInterfaceOrientationLandscapeLeft UIInterfaceOrientationLandscapeRight";
				INFOPLIST_KEY_UISupportedInterfaceOrientations_iPhone = "UIInterfaceOrientationPortrait UIInterfaceOrientationLandscapeLeft UIInterfaceOrientationLandscapeRight";
				LD_RUNPATH_SEARCH_PATHS = (
					"$(inherited)",
					"@executable_path/Frameworks",
				);
				MARKETING_VERSION = 1.0;
				PRODUCT_BUNDLE_IDENTIFIER = com.hasankaya.HaritaUygulamasi;
				PRODUCT_NAME = "$(TARGET_NAME)";
				SWIFT_EMIT_LOC_STRINGS = YES;
				SWIFT_VERSION = 5.0;
				TARGETED_DEVICE_FAMILY = "1,2";
			};
			name = Debug;
		};
		4B0BA628280213A00049AF13 /* Release */ = {
			isa = XCBuildConfiguration;
			buildSettings = {
				ASSETCATALOG_COMPILER_APPICON_NAME = AppIcon;
				ASSETCATALOG_COMPILER_GLOBAL_ACCENT_COLOR_NAME = AccentColor;
				CODE_SIGN_STYLE = Automatic;
				CURRENT_PROJECT_VERSION = 1;
				DEVELOPMENT_TEAM = 3H4FFRY969;
				GENERATE_INFOPLIST_FILE = YES;
				INFOPLIST_FILE = HaritaUygulamasi/Info.plist;
				INFOPLIST_KEY_UIApplicationSupportsIndirectInputEvents = YES;
				INFOPLIST_KEY_UILaunchStoryboardName = LaunchScreen;
				INFOPLIST_KEY_UIMainStoryboardFile = Main;
				INFOPLIST_KEY_UISupportedInterfaceOrientations_iPad = "UIInterfaceOrientationPortrait UIInterfaceOrientationPortraitUpsideDown UIInterfaceOrientationLandscapeLeft UIInterfaceOrientationLandscapeRight";
				INFOPLIST_KEY_UISupportedInterfaceOrientations_iPhone = "UIInterfaceOrientationPortrait UIInterfaceOrientationLandscapeLeft UIInterfaceOrientationLandscapeRight";
				LD_RUNPATH_SEARCH_PATHS = (
					"$(inherited)",
					"@executable_path/Frameworks",
				);
				MARKETING_VERSION = 1.0;
				PRODUCT_BUNDLE_IDENTIFIER = com.hasankaya.HaritaUygulamasi;
				PRODUCT_NAME = "$(TARGET_NAME)";
				SWIFT_EMIT_LOC_STRINGS = YES;
				SWIFT_VERSION = 5.0;
				TARGETED_DEVICE_FAMILY = "1,2";
			};
			name = Release;
		};
/* End XCBuildConfiguration section */

/* Begin XCConfigurationList section */
		4B0BA60A2802139C0049AF13 /* Build configuration list for PBXProject "HaritaUygulamasi" */ = {
			isa = XCConfigurationList;
			buildConfigurations = (
				4B0BA624280213A00049AF13 /* Debug */,
				4B0BA625280213A00049AF13 /* Release */,
			);
			defaultConfigurationIsVisible = 0;
			defaultConfigurationName = Release;
		};
		4B0BA626280213A00049AF13 /* Build configuration list for PBXNativeTarget "HaritaUygulamasi" */ = {
			isa = XCConfigurationList;
			buildConfigurations = (
				4B0BA627280213A00049AF13 /* Debug */,
				4B0BA628280213A00049AF13 /* Release */,
			);
			defaultConfigurationIsVisible = 0;
			defaultConfigurationName = Release;
		};
/* End XCConfigurationList section */

/* Begin XCVersionGroup section */
		4B0BA61B2802139C0049AF13 /* HaritaUygulamasi.xcdatamodeld */ = {
			isa = XCVersionGroup;
			children = (
				4B0BA61C2802139C0049AF13 /* HaritaUygulamasi.xcdatamodel */,
			);
			currentVersion = 4B0BA61C2802139C0049AF13 /* HaritaUygulamasi.xcdatamodel */;
			path = HaritaUygulamasi.xcdatamodeld;
			sourceTree = "<group>";
			versionGroupType = wrapper.xcdatamodel;
		};
/* End XCVersionGroup section */
	};
	rootObject = 4B0BA6072802139C0049AF13 /* Project object */;
}
